
Microsoft Visual Studio Solution File, Format Version 12.00
# Visual Studio Version 17
VisualStudioVersion = 17.12.35506.116
MinimumVisualStudioVersion = 10.0.40219.1
Project("{FAE04EC0-301F-11D3-BF4B-00C04F79EFBC}") = "SolidImage.Core", "SolidImage.Core\SolidImage.Core.csproj", "{4EE027B6-3A9E-40B8-B2CE-7349CB5F6567}"
EndProject
Project("{FAE04EC0-301F-11D3-BF4B-00C04F79EFBC}") = "SolidImage.Tiff.Format", "SolidImage.Tiff.Format\SolidImage.Tiff.Format.csproj", "{1C344128-3BDD-4132-A02A-F3F84A50A104}"
EndProject
Project("{2150E333-8FDC-42A3-9474-1A3956D46DE8}") = "解决方案项", "解决方案项", "{99D1D15A-0795-44BC-9793-431295581836}"
	ProjectSection(SolutionItems) = preProject
		.gitattributes = .gitattributes
		.gitignore = .gitignore
		LICENSE.txt = LICENSE.txt
		README.md = README.md
	EndProjectSection
EndProject
Global
	GlobalSection(SolutionConfigurationPlatforms) = preSolution
		Debug|Any CPU = Debug|Any CPU
		Release|Any CPU = Release|Any CPU
	EndGlobalSection
	GlobalSection(ProjectConfigurationPlatforms) = postSolution
		{4EE027B6-3A9E-40B8-B2CE-7349CB5F6567}.Debug|Any CPU.ActiveCfg = Debug|Any CPU
		{4EE027B6-3A9E-40B8-B2CE-7349CB5F6567}.Debug|Any CPU.Build.0 = Debug|Any CPU
		{4EE027B6-3A9E-40B8-B2CE-7349CB5F6567}.Release|Any CPU.ActiveCfg = Release|Any CPU
		{4EE027B6-3A9E-40B8-B2CE-7349CB5F6567}.Release|Any CPU.Build.0 = Release|Any CPU
		{1C344128-3BDD-4132-A02A-F3F84A50A104}.Debug|Any CPU.ActiveCfg = Debug|Any CPU
		{1C344128-3BDD-4132-A02A-F3F84A50A104}.Debug|Any CPU.Build.0 = Debug|Any CPU
		{1C344128-3BDD-4132-A02A-F3F84A50A104}.Release|Any CPU.ActiveCfg = Release|Any CPU
		{1C344128-3BDD-4132-A02A-F3F84A50A104}.Release|Any CPU.Build.0 = Release|Any CPU
	EndGlobalSection
	GlobalSection(SolutionProperties) = preSolution
		HideSolutionNode = FALSE
	EndGlobalSection
EndGlobal
